
Microsoft Visual Studio Solution File, Format Version 12.00
# Visual Studio Version 16
VisualStudioVersion = 16.0.31829.152
MinimumVisualStudioVersion = 10.0.40219.1
Project("{FAE04EC0-301F-11D3-BF4B-00C04F79EFBC}") = "Задание 22", "Задание 22\Задание 22.csproj", "{40E118F7-182A-4D23-8DC6-56B464CA37E8}"
EndProject
Global
	GlobalSection(SolutionConfigurationPlatforms) = preSolution
		Debug|Any CPU = Debug|Any CPU
		Release|Any CPU = Release|Any CPU
	EndGlobalSection
	GlobalSection(ProjectConfigurationPlatforms) = postSolution
		{40E118F7-182A-4D23-8DC6-56B464CA37E8}.Debug|Any CPU.ActiveCfg = Debug|Any CPU
		{40E118F7-182A-4D23-8DC6-56B464CA37E8}.Debug|Any CPU.Build.0 = Debug|Any CPU
		{40E118F7-182A-4D23-8DC6-56B464CA37E8}.Release|Any CPU.ActiveCfg = Release|Any CPU
		{40E118F7-182A-4D23-8DC6-56B464CA37E8}.Release|Any CPU.Build.0 = Release|Any CPU
	EndGlobalSection
	GlobalSection(SolutionProperties) = preSolution
		HideSolutionNode = FALSE
	EndGlobalSection
	GlobalSection(ExtensibilityGlobals) = postSolution
		SolutionGuid = {FA05A088-A5CE-4832-8321-FD05C40908FF}
	EndGlobalSection
EndGlobal
